
Microsoft Visual Studio Solution File, Format Version 12.00
# Visual Studio 2012
Project("{FAE04EC0-301F-11D3-BF4B-00C04F79EFBC}") = "FizzBuzz", "..\..\FizzBuzz\FizzBuzz\FizzBuzz.csproj", "{F761AF48-4A76-44D6-8F89-F57A7517FA53}"
EndProject
Project("{FAE04EC0-301F-11D3-BF4B-00C04F79EFBC}") = "f_buzz", "f_buzz.csproj", "{DE93BC97-847E-4BCB-AD4E-53FDE62BE0E6}"
EndProject
Project("{FAE04EC0-301F-11D3-BF4B-00C04F79EFBC}") = "FizzBuzz_UnitTest", "..\FizzBuzz_UnitTest\FizzBuzz_UnitTest.csproj", "{C72E9C99-51A2-4D3F-86EB-28DE2BD2DA39}"
EndProject
Global
	GlobalSection(SolutionConfigurationPlatforms) = preSolution
		Debug|Any CPU = Debug|Any CPU
		Release|Any CPU = Release|Any CPU
	EndGlobalSection
	GlobalSection(ProjectConfigurationPlatforms) = postSolution
		{F761AF48-4A76-44D6-8F89-F57A7517FA53}.Debug|Any CPU.ActiveCfg = Debug|Any CPU
		{F761AF48-4A76-44D6-8F89-F57A7517FA53}.Debug|Any CPU.Build.0 = Debug|Any CPU
		{F761AF48-4A76-44D6-8F89-F57A7517FA53}.Release|Any CPU.ActiveCfg = Release|Any CPU
		{F761AF48-4A76-44D6-8F89-F57A7517FA53}.Release|Any CPU.Build.0 = Release|Any CPU
		{DE93BC97-847E-4BCB-AD4E-53FDE62BE0E6}.Debug|Any CPU.ActiveCfg = Debug|Any CPU
		{DE93BC97-847E-4BCB-AD4E-53FDE62BE0E6}.Debug|Any CPU.Build.0 = Debug|Any CPU
		{DE93BC97-847E-4BCB-AD4E-53FDE62BE0E6}.Release|Any CPU.ActiveCfg = Release|Any CPU
		{DE93BC97-847E-4BCB-AD4E-53FDE62BE0E6}.Release|Any CPU.Build.0 = Release|Any CPU
		{C72E9C99-51A2-4D3F-86EB-28DE2BD2DA39}.Debug|Any CPU.ActiveCfg = Debug|Any CPU
		{C72E9C99-51A2-4D3F-86EB-28DE2BD2DA39}.Debug|Any CPU.Build.0 = Debug|Any CPU
		{C72E9C99-51A2-4D3F-86EB-28DE2BD2DA39}.Release|Any CPU.ActiveCfg = Release|Any CPU
		{C72E9C99-51A2-4D3F-86EB-28DE2BD2DA39}.Release|Any CPU.Build.0 = Release|Any CPU
	EndGlobalSection
	GlobalSection(SolutionProperties) = preSolution
		HideSolutionNode = FALSE
	EndGlobalSection
EndGlobal
